{
  "name": "angular2-lessons",
  "version": "1.0.1",
  "lockfileVersion": 1,
  "requires": true,
  "dependencies": {
    "@angular/platform-browser-dynamic": {
      "version": "6.0.9",
      "resolved": "https://registry.npmjs.org/@angular/platform-browser-dynamic/-/platform-browser-dynamic-6.0.9.tgz",
      "integrity": "sha512-HsmLafy0hpMIZlwHz1XRicXczZWCKb0H6oCY+TepFV4u3SLZgJEO7/HZrhO0kEviipXuXrgZSpafV3IYP6eWPQ==",
      "requires": {
        "tslib": "1.9.3"
      }
    },
    "tslib": {
      "version": "1.9.3",
      "resolved": "https://registry.npmjs.org/tslib/-/tslib-1.9.3.tgz",
      "integrity": "sha512-4krF8scpejhaOgqzBEcGM7yDIEfi0/8+8zDRZhNZZ2kjmHJ4hv3zCbQWxoJGz1iw5U0Jl0nma13xzHXcncMavQ=="
    }
  }
}
